# THIS IS AN AUTOGENERATED FILE. DO NOT EDIT THIS FILE DIRECTLY.
# yarn lockfile v1


"@brightlayer-ui/prettier-config@latest":
  version "0.0.0"
  resolved "https://registry.yarnpkg.com/@brightlayer-ui/prettier-config/-/prettier-config-0.0.0.tgz#cb813147060488d79e81d3eaf99990758f573e0c"
  integrity sha512-hNT2iUa/BRilx/44gnrcALQ05mvhUWOGlanOE8nBHhFomSJQF0e8oZ/IzeSbR9VPfDD4GfkyOreBaCaZ7dJSwQ==

prettier@^2.2.1:
  version "2.2.1"
  resolved "https://registry.yarnpkg.com/prettier/-/prettier-2.2.1.tgz#795a1a78dd52f073da0cd42b21f9c91381923ff5"
  integrity sha512-PqyhM2yCjg/oKkFPtTGUojv7gnZAoG80ttl45O6x2Ug/rMJw4wcc9k6aaf2hibP7BGVCCM33gZoGjyvt9mm16Q==
